
Microsoft Visual Studio Solution File, Format Version 12.00
# Visual Studio Version 16
VisualStudioVersion = 16.0.30907.101
MinimumVisualStudioVersion = 10.0.40219.1
Project("{9A19103F-16F7-4668-BE54-9A1E7A4F7556}") = "14th november", "14th november.csproj", "{8A2E288E-AB34-4356-898A-4B628E4FD666}"
EndProject
Global
	GlobalSection(SolutionConfigurationPlatforms) = preSolution
		Debug|Any CPU = Debug|Any CPU
		Release|Any CPU = Release|Any CPU
	EndGlobalSection
	GlobalSection(ProjectConfigurationPlatforms) = postSolution
		{8A2E288E-AB34-4356-898A-4B628E4FD666}.Debug|Any CPU.ActiveCfg = Debug|Any CPU
		{8A2E288E-AB34-4356-898A-4B628E4FD666}.Debug|Any CPU.Build.0 = Debug|Any CPU
		{8A2E288E-AB34-4356-898A-4B628E4FD666}.Release|Any CPU.ActiveCfg = Release|Any CPU
		{8A2E288E-AB34-4356-898A-4B628E4FD666}.Release|Any CPU.Build.0 = Release|Any CPU
	EndGlobalSection
	GlobalSection(SolutionProperties) = preSolution
		HideSolutionNode = FALSE
	EndGlobalSection
	GlobalSection(ExtensibilityGlobals) = postSolution
		SolutionGuid = {2701E172-9FE1-4A64-BD37-91914F02E559}
	EndGlobalSection
EndGlobal
